github.com/akmistry/go-util v0.0.0-20240424010834-ba08d48f141a h1:fzSsJ9d7ujrRvFsPWe71w6MI11Ttu2tTLM4QFurq1kw=
github.com/akmistry/go-util v0.0.0-20240424010834-ba08d48f141a/go.mod h1:pRNcIQWnXG0a2iwqpHxdxJaqgebe8llfxWyfqovOUTk=
github.com/bits-and-blooms/bitset v1.13.0 h1:bAQ9OPNFYbGHV6Nez0tmNI0RiEu7/hxlYJRUA0wFAVE=
github.com/bits-and-blooms/bitset v1.13.0/go.mod h1:7hO7Gc7Pp1vODcmWvKMRA9BNmbv6a/7QIWpPxHddWR8=
